// !$*UTF8*$!
{
	archiveVersion = 1;
	classes = {
	};
	objectVersion = 46;
	objects = {

/* Begin PBXBuildFile section */
		0F97081F1B49690800C535D3 /* test1.jpg in Resources */ = {isa = PBXBuildFile; fileRef = 0F97081A1B49690800C535D3 /* test1.jpg */; };
		0F9708201B49690800C535D3 /* test2.jpg in Resources */ = {isa = PBXBuildFile; fileRef = 0F97081B1B49690800C535D3 /* test2.jpg */; };
		0F9708211B49690800C535D3 /* test3.jpg in Resources */ = {isa = PBXBuildFile; fileRef = 0F97081C1B49690800C535D3 /* test3.jpg */; };
		0F9708221B49690800C535D3 /* test4.jpg in Resources */ = {isa = PBXBuildFile; fileRef = 0F97081D1B49690800C535D3 /* test4.jpg */; };
		0F9708231B49690800C535D3 /* test5.jpg in Resources */ = {isa = PBXBuildFile; fileRef = 0F97081E1B49690800C535D3 /* test5.jpg */; };
		0F9708251B496DF900C535D3 /* test6.jpg in Resources */ = {isa = PBXBuildFile; fileRef = 0F9708241B496DF800C535D3 /* test6.jpg */; };
		0FE348BC1B3FB490000EBD73 /* CoreImage.framework in Frameworks */ = {isa = PBXBuildFile; fileRef = 0FE348BB1B3FB490000EBD73 /* CoreImage.framework */; };
		0FE65CB11B775C5400718D02 /* StackViewController.m in Sources */ = {isa = PBXBuildFile; fileRef = 0FE65CB01B775C5400718D02 /* StackViewController.m */; };
		0FE65CB41B77809C00718D02 /* PhotoStackView.m in Sources */ = {isa = PBXBuildFile; fileRef = 0FE65CB31B77809C00718D02 /* PhotoStackView.m */; };
		0FF66B191B5BA4290094862B /* SLView.m in Sources */ = {isa = PBXBuildFile; fileRef = 0FF66B181B5BA4290094862B /* SLView.m */; };
		3B6DF5BD1B03A59F002320B2 /* main.m in Sources */ = {isa = PBXBuildFile; fileRef = 3B6DF5BC1B03A59F002320B2 /* main.m */; };
		3B6DF5C01B03A59F002320B2 /* AppDelegate.m in Sources */ = {isa = PBXBuildFile; fileRef = 3B6DF5BF1B03A59F002320B2 /* AppDelegate.m */; };
		3B6DF5C31B03A59F002320B2 /* ViewController.mm in Sources */ = {isa = PBXBuildFile; fileRef = 3B6DF5C21B03A59F002320B2 /* ViewController.mm */; };
		3B6DF5C61B03A59F002320B2 /* Main.storyboard in Resources */ = {isa = PBXBuildFile; fileRef = 3B6DF5C41B03A59F002320B2 /* Main.storyboard */; };
		3B6DF5C81B03A59F002320B2 /* Images.xcassets in Resources */ = {isa = PBXBuildFile; fileRef = 3B6DF5C71B03A59F002320B2 /* Images.xcassets */; };
		3B6DF5CB1B03A59F002320B2 /* LaunchScreen.xib in Resources */ = {isa = PBXBuildFile; fileRef = 3B6DF5C91B03A59F002320B2 /* LaunchScreen.xib */; };
		3B6DF5D71B03A5A0002320B2 /* SharelogAppTests.m in Sources */ = {isa = PBXBuildFile; fileRef = 3B6DF5D61B03A5A0002320B2 /* SharelogAppTests.m */; };
		3B6DF5FA1B041B0B002320B2 /* HproseClassManager.m in Sources */ = {isa = PBXBuildFile; fileRef = 3B6DF5E31B041B0B002320B2 /* HproseClassManager.m */; };
		3B6DF5FB1B041B0B002320B2 /* HproseClient.m in Sources */ = {isa = PBXBuildFile; fileRef = 3B6DF5E51B041B0B002320B2 /* HproseClient.m */; };
		3B6DF5FC1B041B0B002320B2 /* HproseClientProxy.m in Sources */ = {isa = PBXBuildFile; fileRef = 3B6DF5E71B041B0B002320B2 /* HproseClientProxy.m */; };
		3B6DF5FD1B041B0B002320B2 /* HproseException.m in Sources */ = {isa = PBXBuildFile; fileRef = 3B6DF5E91B041B0B002320B2 /* HproseException.m */; };
		3B6DF5FE1B041B0B002320B2 /* HproseFormatter.m in Sources */ = {isa = PBXBuildFile; fileRef = 3B6DF5EC1B041B0B002320B2 /* HproseFormatter.m */; };
		3B6DF5FF1B041B0B002320B2 /* HproseHelper.m in Sources */ = {isa = PBXBuildFile; fileRef = 3B6DF5EE1B041B0B002320B2 /* HproseHelper.m */; };
		3B6DF6001B041B0B002320B2 /* HproseHttpClient.m in Sources */ = {isa = PBXBuildFile; fileRef = 3B6DF5F01B041B0B002320B2 /* HproseHttpClient.m */; };
		3B6DF6011B041B0B002320B2 /* HproseProperty.m in Sources */ = {isa = PBXBuildFile; fileRef = 3B6DF5F31B041B0B002320B2 /* HproseProperty.m */; };
		3B6DF6021B041B0B002320B2 /* HproseReader.m in Sources */ = {isa = PBXBuildFile; fileRef = 3B6DF5F51B041B0B002320B2 /* HproseReader.m */; };
		3B6DF6031B041B0B002320B2 /* HproseWriter.m in Sources */ = {isa = PBXBuildFile; fileRef = 3B6DF5F91B041B0B002320B2 /* HproseWriter.m */; };
		FF2097ECC0A443FB874DD390 /* Pods_SharelogApp.framework in Frameworks */ = {isa = PBXBuildFile; fileRef = BEC974C843CF65F8A7286DDE /* Pods_SharelogApp.framework */; settings = {ATTRIBUTES = (Weak, ); }; };
/* End PBXBuildFile section */

/* Begin PBXContainerItemProxy section */
		3B6DF5D11B03A5A0002320B2 /* PBXContainerItemProxy */ = {
			isa = PBXContainerItemProxy;
			containerPortal = 3B6DF5AF1B03A59F002320B2 /* Project object */;
			proxyType = 1;
			remoteGlobalIDString = 3B6DF5B61B03A59F002320B2;
			remoteInfo = SharelogApp;
		};
/* End PBXContainerItemProxy section */

/* Begin PBXFileReference section */
		0F97081A1B49690800C535D3 /* test1.jpg */ = {isa = PBXFileReference; lastKnownFileType = image.jpeg; path = test1.jpg; sourceTree = "<group>"; };
		0F97081B1B49690800C535D3 /* test2.jpg */ = {isa = PBXFileReference; lastKnownFileType = image.jpeg; path = test2.jpg; sourceTree = "<group>"; };
		0F97081C1B49690800C535D3 /* test3.jpg */ = {isa = PBXFileReference; lastKnownFileType = image.jpeg; path = test3.jpg; sourceTree = "<group>"; };
		0F97081D1B49690800C535D3 /* test4.jpg */ = {isa = PBXFileReference; lastKnownFileType = image.jpeg; path = test4.jpg; sourceTree = "<group>"; };
		0F97081E1B49690800C535D3 /* test5.jpg */ = {isa = PBXFileReference; lastKnownFileType = image.jpeg; path = test5.jpg; sourceTree = "<group>"; };
		0F9708241B496DF800C535D3 /* test6.jpg */ = {isa = PBXFileReference; lastKnownFileType = image.jpeg; path = test6.jpg; sourceTree = "<group>"; };
		0FA9C4D31B1E34CB008A33B2 /* CImg.h */ = {isa = PBXFileReference; fileEncoding = 4; lastKnownFileType = sourcecode.c.h; name = CImg.h; path = Frameworks/cimg/CImg.h; sourceTree = "<group>"; };
		0FE348BB1B3FB490000EBD73 /* CoreImage.framework */ = {isa = PBXFileReference; lastKnownFileType = wrapper.framework; name = CoreImage.framework; path = System/Library/Frameworks/CoreImage.framework; sourceTree = SDKROOT; };
		0FE65CAF1B775C5400718D02 /* StackViewController.h */ = {isa = PBXFileReference; fileEncoding = 4; lastKnownFileType = sourcecode.c.h; path = StackViewController.h; sourceTree = "<group>"; };
		0FE65CB01B775C5400718D02 /* StackViewController.m */ = {isa = PBXFileReference; fileEncoding = 4; lastKnownFileType = sourcecode.c.objc; path = StackViewController.m; sourceTree = "<group>"; };
		0FE65CB21B77809C00718D02 /* PhotoStackView.h */ = {isa = PBXFileReference; fileEncoding = 4; lastKnownFileType = sourcecode.c.h; path = PhotoStackView.h; sourceTree = "<group>"; };
		0FE65CB31B77809C00718D02 /* PhotoStackView.m */ = {isa = PBXFileReference; fileEncoding = 4; lastKnownFileType = sourcecode.c.objc; path = PhotoStackView.m; sourceTree = "<group>"; };
		0FF66B171B5BA4290094862B /* SLView.h */ = {isa = PBXFileReference; fileEncoding = 4; lastKnownFileType = sourcecode.c.h; path = SLView.h; sourceTree = "<group>"; };
		0FF66B181B5BA4290094862B /* SLView.m */ = {isa = PBXFileReference; fileEncoding = 4; lastKnownFileType = sourcecode.c.objc; path = SLView.m; sourceTree = "<group>"; };
		3B6DF5B71B03A59F002320B2 /* SharelogApp.app */ = {isa = PBXFileReference; explicitFileType = wrapper.application; includeInIndex = 0; path = SharelogApp.app; sourceTree = BUILT_PRODUCTS_DIR; };
		3B6DF5BB1B03A59F002320B2 /* Info.plist */ = {isa = PBXFileReference; lastKnownFileType = text.plist.xml; path = Info.plist; sourceTree = "<group>"; };
		3B6DF5BC1B03A59F002320B2 /* main.m */ = {isa = PBXFileReference; lastKnownFileType = sourcecode.c.objc; path = main.m; sourceTree = "<group>"; };
		3B6DF5BE1B03A59F002320B2 /* AppDelegate.h */ = {isa = PBXFileReference; lastKnownFileType = sourcecode.c.h; path = AppDelegate.h; sourceTree = "<group>"; };
		3B6DF5BF1B03A59F002320B2 /* AppDelegate.m */ = {isa = PBXFileReference; lastKnownFileType = sourcecode.c.objc; path = AppDelegate.m; sourceTree = "<group>"; };
		3B6DF5C11B03A59F002320B2 /* ViewController.h */ = {isa = PBXFileReference; lastKnownFileType = sourcecode.c.h; path = ViewController.h; sourceTree = "<group>"; };
		3B6DF5C21B03A59F002320B2 /* ViewController.mm */ = {isa = PBXFileReference; lastKnownFileType = sourcecode.cpp.objcpp; path = ViewController.mm; sourceTree = "<group>"; };
		3B6DF5C51B03A59F002320B2 /* Base */ = {isa = PBXFileReference; lastKnownFileType = file.storyboard; name = Base; path = Base.lproj/Main.storyboard; sourceTree = "<group>"; };
		3B6DF5C71B03A59F002320B2 /* Images.xcassets */ = {isa = PBXFileReference; lastKnownFileType = folder.assetcatalog; path = Images.xcassets; sourceTree = "<group>"; };
		3B6DF5CA1B03A59F002320B2 /* Base */ = {isa = PBXFileReference; lastKnownFileType = file.xib; name = Base; path = Base.lproj/LaunchScreen.xib; sourceTree = "<group>"; };
		3B6DF5D01B03A5A0002320B2 /* SharelogAppTests.xctest */ = {isa = PBXFileReference; explicitFileType = wrapper.cfbundle; includeInIndex = 0; path = SharelogAppTests.xctest; sourceTree = BUILT_PRODUCTS_DIR; };
		3B6DF5D51B03A5A0002320B2 /* Info.plist */ = {isa = PBXFileReference; lastKnownFileType = text.plist.xml; path = Info.plist; sourceTree = "<group>"; };
		3B6DF5D61B03A5A0002320B2 /* SharelogAppTests.m */ = {isa = PBXFileReference; lastKnownFileType = sourcecode.c.objc; path = SharelogAppTests.m; sourceTree = "<group>"; };
		3B6DF5E11B041B0B002320B2 /* Hprose.h */ = {isa = PBXFileReference; fileEncoding = 4; lastKnownFileType = sourcecode.c.h; path = Hprose.h; sourceTree = "<group>"; };
		3B6DF5E21B041B0B002320B2 /* HproseClassManager.h */ = {isa = PBXFileReference; fileEncoding = 4; lastKnownFileType = sourcecode.c.h; path = HproseClassManager.h; sourceTree = "<group>"; };
		3B6DF5E31B041B0B002320B2 /* HproseClassManager.m */ = {isa = PBXFileReference; fileEncoding = 4; lastKnownFileType = sourcecode.c.objc; path = HproseClassManager.m; sourceTree = "<group>"; };
		3B6DF5E41B041B0B002320B2 /* HproseClient.h */ = {isa = PBXFileReference; fileEncoding = 4; lastKnownFileType = sourcecode.c.h; path = HproseClient.h; sourceTree = "<group>"; };
		3B6DF5E51B041B0B002320B2 /* HproseClient.m */ = {isa = PBXFileReference; fileEncoding = 4; lastKnownFileType = sourcecode.c.objc; path = HproseClient.m; sourceTree = "<group>"; };
		3B6DF5E61B041B0B002320B2 /* HproseClientProxy.h */ = {isa = PBXFileReference; fileEncoding = 4; lastKnownFileType = sourcecode.c.h; path = HproseClientProxy.h; sourceTree = "<group>"; };
		3B6DF5E71B041B0B002320B2 /* HproseClientProxy.m */ = {isa = PBXFileReference; fileEncoding = 4; lastKnownFileType = sourcecode.c.objc; path = HproseClientProxy.m; sourceTree = "<group>"; };
		3B6DF5E81B041B0B002320B2 /* HproseException.h */ = {isa = PBXFileReference; fileEncoding = 4; lastKnownFileType = sourcecode.c.h; path = HproseException.h; sourceTree = "<group>"; };
		3B6DF5E91B041B0B002320B2 /* HproseException.m */ = {isa = PBXFileReference; fileEncoding = 4; lastKnownFileType = sourcecode.c.objc; path = HproseException.m; sourceTree = "<group>"; };
		3B6DF5EA1B041B0B002320B2 /* HproseFilter.h */ = {isa = PBXFileReference; fileEncoding = 4; lastKnownFileType = sourcecode.c.h; path = HproseFilter.h; sourceTree = "<group>"; };
		3B6DF5EB1B041B0B002320B2 /* HproseFormatter.h */ = {isa = PBXFileReference; fileEncoding = 4; lastKnownFileType = sourcecode.c.h; path = HproseFormatter.h; sourceTree = "<group>"; };
		3B6DF5EC1B041B0B002320B2 /* HproseFormatter.m */ = {isa = PBXFileReference; fileEncoding = 4; lastKnownFileType = sourcecode.c.objc; path = HproseFormatter.m; sourceTree = "<group>"; };
		3B6DF5ED1B041B0B002320B2 /* HproseHelper.h */ = {isa = PBXFileReference; fileEncoding = 4; lastKnownFileType = sourcecode.c.h; path = HproseHelper.h; sourceTree = "<group>"; };
		3B6DF5EE1B041B0B002320B2 /* HproseHelper.m */ = {isa = PBXFileReference; fileEncoding = 4; lastKnownFileType = sourcecode.c.objc; path = HproseHelper.m; sourceTree = "<group>"; };
		3B6DF5EF1B041B0B002320B2 /* HproseHttpClient.h */ = {isa = PBXFileReference; fileEncoding = 4; lastKnownFileType = sourcecode.c.h; path = HproseHttpClient.h; sourceTree = "<group>"; };
		3B6DF5F01B041B0B002320B2 /* HproseHttpClient.m */ = {isa = PBXFileReference; fileEncoding = 4; lastKnownFileType = sourcecode.c.objc; path = HproseHttpClient.m; sourceTree = "<group>"; };
		3B6DF5F11B041B0B002320B2 /* HproseInvoker.h */ = {isa = PBXFileReference; fileEncoding = 4; lastKnownFileType = sourcecode.c.h; path = HproseInvoker.h; sourceTree = "<group>"; };
		3B6DF5F21B041B0B002320B2 /* HproseProperty.h */ = {isa = PBXFileReference; fileEncoding = 4; lastKnownFileType = sourcecode.c.h; path = HproseProperty.h; sourceTree = "<group>"; };
		3B6DF5F31B041B0B002320B2 /* HproseProperty.m */ = {isa = PBXFileReference; fileEncoding = 4; lastKnownFileType = sourcecode.c.objc; path = HproseProperty.m; sourceTree = "<group>"; };
		3B6DF5F41B041B0B002320B2 /* HproseReader.h */ = {isa = PBXFileReference; fileEncoding = 4; lastKnownFileType = sourcecode.c.h; path = HproseReader.h; sourceTree = "<group>"; };
		3B6DF5F51B041B0B002320B2 /* HproseReader.m */ = {isa = PBXFileReference; fileEncoding = 4; lastKnownFileType = sourcecode.c.objc; path = HproseReader.m; sourceTree = "<group>"; };
		3B6DF5F61B041B0B002320B2 /* HproseResultMode.h */ = {isa = PBXFileReference; fileEncoding = 4; lastKnownFileType = sourcecode.c.h; path = HproseResultMode.h; sourceTree = "<group>"; };
		3B6DF5F71B041B0B002320B2 /* HproseTags.h */ = {isa = PBXFileReference; fileEncoding = 4; lastKnownFileType = sourcecode.c.h; path = HproseTags.h; sourceTree = "<group>"; };
		3B6DF5F81B041B0B002320B2 /* HproseWriter.h */ = {isa = PBXFileReference; fileEncoding = 4; lastKnownFileType = sourcecode.c.h; path = HproseWriter.h; sourceTree = "<group>"; };
		3B6DF5F91B041B0B002320B2 /* HproseWriter.m */ = {isa = PBXFileReference; fileEncoding = 4; lastKnownFileType = sourcecode.c.objc; path = HproseWriter.m; sourceTree = "<group>"; };
		BEC974C843CF65F8A7286DDE /* Pods_SharelogApp.framework */ = {isa = PBXFileReference; explicitFileType = wrapper.framework; includeInIndex = 0; path = Pods_SharelogApp.framework; sourceTree = BUILT_PRODUCTS_DIR; };
		C656479EB6D2D39D97FDABDD /* Pods-SharelogApp.release.xcconfig */ = {isa = PBXFileReference; includeInIndex = 1; lastKnownFileType = text.xcconfig; name = "Pods-SharelogApp.release.xcconfig"; path = "Pods/Target Support Files/Pods-SharelogApp/Pods-SharelogApp.release.xcconfig"; sourceTree = "<group>"; };
		E7A27464613308B65A17F592 /* Pods-SharelogApp.debug.xcconfig */ = {isa = PBXFileReference; includeInIndex = 1; lastKnownFileType = text.xcconfig; name = "Pods-SharelogApp.debug.xcconfig"; path = "Pods/Target Support Files/Pods-SharelogApp/Pods-SharelogApp.debug.xcconfig"; sourceTree = "<group>"; };
/* End PBXFileReference section */

/* Begin PBXFrameworksBuildPhase section */
		3B6DF5B41B03A59F002320B2 /* Frameworks */ = {
			isa = PBXFrameworksBuildPhase;
			buildActionMask = 2147483647;
			files = (
				0FE348BC1B3FB490000EBD73 /* CoreImage.framework in Frameworks */,
				FF2097ECC0A443FB874DD390 /* Pods_SharelogApp.framework in Frameworks */,
			);
			runOnlyForDeploymentPostprocessing = 0;
		};
		3B6DF5CD1B03A5A0002320B2 /* Frameworks */ = {
			isa = PBXFrameworksBuildPhase;
			buildActionMask = 2147483647;
			files = (
			);
			runOnlyForDeploymentPostprocessing = 0;
		};
/* End PBXFrameworksBuildPhase section */

/* Begin PBXGroup section */
		0F9708261B496E0200C535D3 /* img */ = {
			isa = PBXGroup;
			children = (
				0F9708241B496DF800C535D3 /* test6.jpg */,
				0F97081A1B49690800C535D3 /* test1.jpg */,
				0F97081B1B49690800C535D3 /* test2.jpg */,
				0F97081C1B49690800C535D3 /* test3.jpg */,
				0F97081D1B49690800C535D3 /* test4.jpg */,
				0F97081E1B49690800C535D3 /* test5.jpg */,
			);
			name = img;
			sourceTree = "<group>";
		};
		0FA9C4D21B1E34AC008A33B2 /* cimg */ = {
			isa = PBXGroup;
			children = (
				0FA9C4D31B1E34CB008A33B2 /* CImg.h */,
			);
			name = cimg;
			sourceTree = "<group>";
		};
		3B6DF5AE1B03A59F002320B2 = {
			isa = PBXGroup;
			children = (
				CD84F0DDAC577FCE0BE596E9 /* Frameworks */,
				3B6DF5B91B03A59F002320B2 /* SharelogApp */,
				3B6DF5D31B03A5A0002320B2 /* SharelogAppTests */,
				3B6DF5B81B03A59F002320B2 /* Products */,
				8025A56535673D1219288431 /* Pods */,
			);
			sourceTree = "<group>";
		};
		3B6DF5B81B03A59F002320B2 /* Products */ = {
			isa = PBXGroup;
			children = (
				3B6DF5B71B03A59F002320B2 /* SharelogApp.app */,
				3B6DF5D01B03A5A0002320B2 /* SharelogAppTests.xctest */,
			);
			name = Products;
			sourceTree = "<group>";
		};
		3B6DF5B91B03A59F002320B2 /* SharelogApp */ = {
			isa = PBXGroup;
			children = (
				0F9708261B496E0200C535D3 /* img */,
				3B6DF5BE1B03A59F002320B2 /* AppDelegate.h */,
				3B6DF5BF1B03A59F002320B2 /* AppDelegate.m */,
				0FE65CB21B77809C00718D02 /* PhotoStackView.h */,
				0FE65CB31B77809C00718D02 /* PhotoStackView.m */,
				0FE65CAF1B775C5400718D02 /* StackViewController.h */,
				0FE65CB01B775C5400718D02 /* StackViewController.m */,
				0FF66B171B5BA4290094862B /* SLView.h */,
				0FF66B181B5BA4290094862B /* SLView.m */,
				3B6DF5C11B03A59F002320B2 /* ViewController.h */,
				3B6DF5C21B03A59F002320B2 /* ViewController.mm */,
				3B6DF5C41B03A59F002320B2 /* Main.storyboard */,
				3B6DF5C71B03A59F002320B2 /* Images.xcassets */,
				3B6DF5C91B03A59F002320B2 /* LaunchScreen.xib */,
				3B6DF5BA1B03A59F002320B2 /* Supporting Files */,
			);
			path = SharelogApp;
			sourceTree = "<group>";
		};
		3B6DF5BA1B03A59F002320B2 /* Supporting Files */ = {
			isa = PBXGroup;
			children = (
				3B6DF5BB1B03A59F002320B2 /* Info.plist */,
				3B6DF5BC1B03A59F002320B2 /* main.m */,
			);
			name = "Supporting Files";
			sourceTree = "<group>";
		};
		3B6DF5D31B03A5A0002320B2 /* SharelogAppTests */ = {
			isa = PBXGroup;
			children = (
				3B6DF5D61B03A5A0002320B2 /* SharelogAppTests.m */,
				3B6DF5D41B03A5A0002320B2 /* Supporting Files */,
			);
			path = SharelogAppTests;
			sourceTree = "<group>";
		};
		3B6DF5D41B03A5A0002320B2 /* Supporting Files */ = {
			isa = PBXGroup;
			children = (
				3B6DF5D51B03A5A0002320B2 /* Info.plist */,
			);
			name = "Supporting Files";
			sourceTree = "<group>";
		};
		3B6DF5E01B041B0B002320B2 /* Hprose */ = {
			isa = PBXGroup;
			children = (
				3B6DF5E11B041B0B002320B2 /* Hprose.h */,
				3B6DF5E21B041B0B002320B2 /* HproseClassManager.h */,
				3B6DF5E31B041B0B002320B2 /* HproseClassManager.m */,
				3B6DF5E41B041B0B002320B2 /* HproseClient.h */,
				3B6DF5E51B041B0B002320B2 /* HproseClient.m */,
				3B6DF5E61B041B0B002320B2 /* HproseClientProxy.h */,
				3B6DF5E71B041B0B002320B2 /* HproseClientProxy.m */,
				3B6DF5E81B041B0B002320B2 /* HproseException.h */,
				3B6DF5E91B041B0B002320B2 /* HproseException.m */,
				3B6DF5EA1B041B0B002320B2 /* HproseFilter.h */,
				3B6DF5EB1B041B0B002320B2 /* HproseFormatter.h */,
				3B6DF5EC1B041B0B002320B2 /* HproseFormatter.m */,
				3B6DF5ED1B041B0B002320B2 /* HproseHelper.h */,
				3B6DF5EE1B041B0B002320B2 /* HproseHelper.m */,
				3B6DF5EF1B041B0B002320B2 /* HproseHttpClient.h */,
				3B6DF5F01B041B0B002320B2 /* HproseHttpClient.m */,
				3B6DF5F11B041B0B002320B2 /* HproseInvoker.h */,
				3B6DF5F21B041B0B002320B2 /* HproseProperty.h */,
				3B6DF5F31B041B0B002320B2 /* HproseProperty.m */,
				3B6DF5F41B041B0B002320B2 /* HproseReader.h */,
				3B6DF5F51B041B0B002320B2 /* HproseReader.m */,
				3B6DF5F61B041B0B002320B2 /* HproseResultMode.h */,
				3B6DF5F71B041B0B002320B2 /* HproseTags.h */,
				3B6DF5F81B041B0B002320B2 /* HproseWriter.h */,
				3B6DF5F91B041B0B002320B2 /* HproseWriter.m */,
			);
			name = Hprose;
			path = Frameworks/Hprose;
			sourceTree = "<group>";
		};
		8025A56535673D1219288431 /* Pods */ = {
			isa = PBXGroup;
			children = (
				E7A27464613308B65A17F592 /* Pods-SharelogApp.debug.xcconfig */,
				C656479EB6D2D39D97FDABDD /* Pods-SharelogApp.release.xcconfig */,
			);
			name = Pods;
			sourceTree = "<group>";
		};
		CD84F0DDAC577FCE0BE596E9 /* Frameworks */ = {
			isa = PBXGroup;
			children = (
				0FE348BB1B3FB490000EBD73 /* CoreImage.framework */,
				0FA9C4D21B1E34AC008A33B2 /* cimg */,
				3B6DF5E01B041B0B002320B2 /* Hprose */,
				BEC974C843CF65F8A7286DDE /* Pods_SharelogApp.framework */,
			);
			name = Frameworks;
			sourceTree = "<group>";
		};
/* End PBXGroup section */

/* Begin PBXNativeTarget section */
		3B6DF5B61B03A59F002320B2 /* SharelogApp */ = {
			isa = PBXNativeTarget;
			buildConfigurationList = 3B6DF5DA1B03A5A0002320B2 /* Build configuration list for PBXNativeTarget "SharelogApp" */;
			buildPhases = (
				F2643001CBCC27588F43B1CF /* Check Pods Manifest.lock */,
				3B6DF5B31B03A59F002320B2 /* Sources */,
				3B6DF5B41B03A59F002320B2 /* Frameworks */,
				3B6DF5B51B03A59F002320B2 /* Resources */,
				1010DF714F7DE96CAE9E46E9 /* Embed Pods Frameworks */,
				B1BEF5B42FDE835A021CF9F2 /* Copy Pods Resources */,
			);
			buildRules = (
			);
			dependencies = (
			);
			name = SharelogApp;
			productName = SharelogApp;
			productReference = 3B6DF5B71B03A59F002320B2 /* SharelogApp.app */;
			productType = "com.apple.product-type.application";
		};
		3B6DF5CF1B03A5A0002320B2 /* SharelogAppTests */ = {
			isa = PBXNativeTarget;
			buildConfigurationList = 3B6DF5DD1B03A5A0002320B2 /* Build configuration list for PBXNativeTarget "SharelogAppTests" */;
			buildPhases = (
				3B6DF5CC1B03A5A0002320B2 /* Sources */,
				3B6DF5CD1B03A5A0002320B2 /* Frameworks */,
				3B6DF5CE1B03A5A0002320B2 /* Resources */,
			);
			buildRules = (
			);
			dependencies = (
				3B6DF5D21B03A5A0002320B2 /* PBXTargetDependency */,
			);
			name = SharelogAppTests;
			productName = SharelogAppTests;
			productReference = 3B6DF5D01B03A5A0002320B2 /* SharelogAppTests.xctest */;
			productType = "com.apple.product-type.bundle.unit-test";
		};
/* End PBXNativeTarget section */

/* Begin PBXProject section */
		3B6DF5AF1B03A59F002320B2 /* Project object */ = {
			isa = PBXProject;
			attributes = {
				LastUpgradeCheck = 0630;
				ORGANIZATIONNAME = slog;
				TargetAttributes = {
					3B6DF5B61B03A59F002320B2 = {
						CreatedOnToolsVersion = 6.3.1;
					};
					3B6DF5CF1B03A5A0002320B2 = {
						CreatedOnToolsVersion = 6.3.1;
						TestTargetID = 3B6DF5B61B03A59F002320B2;
					};
				};
			};
			buildConfigurationList = 3B6DF5B21B03A59F002320B2 /* Build configuration list for PBXProject "SharelogApp" */;
			compatibilityVersion = "Xcode 3.2";
			developmentRegion = English;
			hasScannedForEncodings = 0;
			knownRegions = (
				en,
				Base,
			);
			mainGroup = 3B6DF5AE1B03A59F002320B2;
			productRefGroup = 3B6DF5B81B03A59F002320B2 /* Products */;
			projectDirPath = "";
			projectRoot = "";
			targets = (
				3B6DF5B61B03A59F002320B2 /* SharelogApp */,
				3B6DF5CF1B03A5A0002320B2 /* SharelogAppTests */,
			);
		};
/* End PBXProject section */

/* Begin PBXResourcesBuildPhase section */
		3B6DF5B51B03A59F002320B2 /* Resources */ = {
			isa = PBXResourcesBuildPhase;
			buildActionMask = 2147483647;
			files = (
				3B6DF5C61B03A59F002320B2 /* Main.storyboard in Resources */,
				0F9708201B49690800C535D3 /* test2.jpg in Resources */,
				0F97081F1B49690800C535D3 /* test1.jpg in Resources */,
				0F9708221B49690800C535D3 /* test4.jpg in Resources */,
				3B6DF5CB1B03A59F002320B2 /* LaunchScreen.xib in Resources */,
				0F9708231B49690800C535D3 /* test5.jpg in Resources */,
				3B6DF5C81B03A59F002320B2 /* Images.xcassets in Resources */,
				0F9708211B49690800C535D3 /* test3.jpg in Resources */,
				0F9708251B496DF900C535D3 /* test6.jpg in Resources */,
			);
			runOnlyForDeploymentPostprocessing = 0;
		};
		3B6DF5CE1B03A5A0002320B2 /* Resources */ = {
			isa = PBXResourcesBuildPhase;
			buildActionMask = 2147483647;
			files = (
			);
			runOnlyForDeploymentPostprocessing = 0;
		};
/* End PBXResourcesBuildPhase section */

/* Begin PBXShellScriptBuildPhase section */
		1010DF714F7DE96CAE9E46E9 /* Embed Pods Frameworks */ = {
			isa = PBXShellScriptBuildPhase;
			buildActionMask = 2147483647;
			files = (
			);
			inputPaths = (
			);
			name = "Embed Pods Frameworks";
			outputPaths = (
			);
			runOnlyForDeploymentPostprocessing = 0;
			shellPath = /bin/sh;
			shellScript = "\"${SRCROOT}/Pods/Target Support Files/Pods-SharelogApp/Pods-SharelogApp-frameworks.sh\"\n";
			showEnvVarsInLog = 0;
		};
		B1BEF5B42FDE835A021CF9F2 /* Copy Pods Resources */ = {
			isa = PBXShellScriptBuildPhase;
			buildActionMask = 2147483647;
			files = (
			);
			inputPaths = (
			);
			name = "Copy Pods Resources";
			outputPaths = (
			);
			runOnlyForDeploymentPostprocessing = 0;
			shellPath = /bin/sh;
			shellScript = "\"${SRCROOT}/Pods/Target Support Files/Pods-SharelogApp/Pods-SharelogApp-resources.sh\"\n";
			showEnvVarsInLog = 0;
		};
		F2643001CBCC27588F43B1CF /* Check Pods Manifest.lock */ = {
			isa = PBXShellScriptBuildPhase;
			buildActionMask = 2147483647;
			files = (
			);
			inputPaths = (
			);
			name = "Check Pods Manifest.lock";
			outputPaths = (
			);
			runOnlyForDeploymentPostprocessing = 0;
			shellPath = /bin/sh;
			shellScript = "diff \"${PODS_ROOT}/../Podfile.lock\" \"${PODS_ROOT}/Manifest.lock\" > /dev/null\nif [[ $? != 0 ]] ; then\n    cat << EOM\nerror: The sandbox is not in sync with the Podfile.lock. Run 'pod install' or update your CocoaPods installation.\nEOM\n    exit 1\nfi\n";
			showEnvVarsInLog = 0;
		};
/* End PBXShellScriptBuildPhase section */

/* Begin PBXSourcesBuildPhase section */
		3B6DF5B31B03A59F002320B2 /* Sources */ = {
			isa = PBXSourcesBuildPhase;
			buildActionMask = 2147483647;
			files = (
				3B6DF5FC1B041B0B002320B2 /* HproseClientProxy.m in Sources */,
				3B6DF5FE1B041B0B002320B2 /* HproseFormatter.m in Sources */,
				3B6DF5FD1B041B0B002320B2 /* HproseException.m in Sources */,
				3B6DF6001B041B0B002320B2 /* HproseHttpClient.m in Sources */,
				3B6DF5C31B03A59F002320B2 /* ViewController.mm in Sources */,
				3B6DF5FF1B041B0B002320B2 /* HproseHelper.m in Sources */,
				0FE65CB41B77809C00718D02 /* PhotoStackView.m in Sources */,
				3B6DF5FA1B041B0B002320B2 /* HproseClassManager.m in Sources */,
				3B6DF5FB1B041B0B002320B2 /* HproseClient.m in Sources */,
				3B6DF6011B041B0B002320B2 /* HproseProperty.m in Sources */,
				3B6DF6021B041B0B002320B2 /* HproseReader.m in Sources */,
				0FE65CB11B775C5400718D02 /* StackViewController.m in Sources */,
				3B6DF5C01B03A59F002320B2 /* AppDelegate.m in Sources */,
				0FF66B191B5BA4290094862B /* SLView.m in Sources */,
				3B6DF6031B041B0B002320B2 /* HproseWriter.m in Sources */,
				3B6DF5BD1B03A59F002320B2 /* main.m in Sources */,
			);
			runOnlyForDeploymentPostprocessing = 0;
		};
		3B6DF5CC1B03A5A0002320B2 /* Sources */ = {
			isa = PBXSourcesBuildPhase;
			buildActionMask = 2147483647;
			files = (
				3B6DF5D71B03A5A0002320B2 /* SharelogAppTests.m in Sources */,
			);
			runOnlyForDeploymentPostprocessing = 0;
		};
/* End PBXSourcesBuildPhase section */

/* Begin PBXTargetDependency section */
		3B6DF5D21B03A5A0002320B2 /* PBXTargetDependency */ = {
			isa = PBXTargetDependency;
			target = 3B6DF5B61B03A59F002320B2 /* SharelogApp */;
			targetProxy = 3B6DF5D11B03A5A0002320B2 /* PBXContainerItemProxy */;
		};
/* End PBXTargetDependency section */

/* Begin PBXVariantGroup section */
		3B6DF5C41B03A59F002320B2 /* Main.storyboard */ = {
			isa = PBXVariantGroup;
			children = (
				3B6DF5C51B03A59F002320B2 /* Base */,
			);
			name = Main.storyboard;
			sourceTree = "<group>";
		};
		3B6DF5C91B03A59F002320B2 /* LaunchScreen.xib */ = {
			isa = PBXVariantGroup;
			children = (
				3B6DF5CA1B03A59F002320B2 /* Base */,
			);
			name = LaunchScreen.xib;
			sourceTree = "<group>";
		};
/* End PBXVariantGroup section */

/* Begin XCBuildConfiguration section */
		3B6DF5D81B03A5A0002320B2 /* Debug */ = {
			isa = XCBuildConfiguration;
			buildSettings = {
				ALWAYS_SEARCH_USER_PATHS = NO;
				CLANG_CXX_LANGUAGE_STANDARD = "gnu++0x";
				CLANG_CXX_LIBRARY = "libc++";
				CLANG_ENABLE_MODULES = YES;
				CLANG_ENABLE_OBJC_ARC = YES;
				CLANG_WARN_BOOL_CONVERSION = YES;
				CLANG_WARN_CONSTANT_CONVERSION = YES;
				CLANG_WARN_DIRECT_OBJC_ISA_USAGE = YES_ERROR;
				CLANG_WARN_EMPTY_BODY = YES;
				CLANG_WARN_ENUM_CONVERSION = YES;
				CLANG_WARN_INT_CONVERSION = YES;
				CLANG_WARN_OBJC_ROOT_CLASS = YES_ERROR;
				CLANG_WARN_UNREACHABLE_CODE = YES;
				CLANG_WARN__DUPLICATE_METHOD_MATCH = YES;
				"CODE_SIGN_IDENTITY[sdk=iphoneos*]" = "iPhone Developer";
				COPY_PHASE_STRIP = NO;
				DEBUG_INFORMATION_FORMAT = "dwarf-with-dsym";
				ENABLE_STRICT_OBJC_MSGSEND = YES;
				GCC_C_LANGUAGE_STANDARD = gnu99;
				GCC_DYNAMIC_NO_PIC = NO;
				GCC_NO_COMMON_BLOCKS = YES;
				GCC_OPTIMIZATION_LEVEL = 0;
				GCC_PREPROCESSOR_DEFINITIONS = (
					"DEBUG=1",
					"$(inherited)",
				);
				GCC_SYMBOLS_PRIVATE_EXTERN = NO;
				GCC_WARN_64_TO_32_BIT_CONVERSION = YES;
				GCC_WARN_ABOUT_RETURN_TYPE = YES_ERROR;
				GCC_WARN_UNDECLARED_SELECTOR = YES;
				GCC_WARN_UNINITIALIZED_AUTOS = YES_AGGRESSIVE;
				GCC_WARN_UNUSED_FUNCTION = YES;
				GCC_WARN_UNUSED_VARIABLE = YES;
				IPHONEOS_DEPLOYMENT_TARGET = 8.3;
				MTL_ENABLE_DEBUG_INFO = YES;
				ONLY_ACTIVE_ARCH = YES;
				SDKROOT = iphoneos;
				TARGETED_DEVICE_FAMILY = "1,2";
			};
			name = Debug;
		};
		3B6DF5D91B03A5A0002320B2 /* Release */ = {
			isa = XCBuildConfiguration;
			buildSettings = {
				ALWAYS_SEARCH_USER_PATHS = NO;
				CLANG_CXX_LANGUAGE_STANDARD = "gnu++0x";
				CLANG_CXX_LIBRARY = "libc++";
				CLANG_ENABLE_MODULES = YES;
				CLANG_ENABLE_OBJC_ARC = YES;
				CLANG_WARN_BOOL_CONVERSION = YES;
				CLANG_WARN_CONSTANT_CONVERSION = YES;
				CLANG_WARN_DIRECT_OBJC_ISA_USAGE = YES_ERROR;
				CLANG_WARN_EMPTY_BODY = YES;
				CLANG_WARN_ENUM_CONVERSION = YES;
				CLANG_WARN_INT_CONVERSION = YES;
				CLANG_WARN_OBJC_ROOT_CLASS = YES_ERROR;
				CLANG_WARN_UNREACHABLE_CODE = YES;
				CLANG_WARN__DUPLICATE_METHOD_MATCH = YES;
				"CODE_SIGN_IDENTITY[sdk=iphoneos*]" = "iPhone Developer";
				COPY_PHASE_STRIP = NO;
				DEBUG_INFORMATION_FORMAT = "dwarf-with-dsym";
				ENABLE_NS_ASSERTIONS = NO;
				ENABLE_STRICT_OBJC_MSGSEND = YES;
				GCC_C_LANGUAGE_STANDARD = gnu99;
				GCC_NO_COMMON_BLOCKS = YES;
				GCC_WARN_64_TO_32_BIT_CONVERSION = YES;
				GCC_WARN_ABOUT_RETURN_TYPE = YES_ERROR;
				GCC_WARN_UNDECLARED_SELECTOR = YES;
				GCC_WARN_UNINITIALIZED_AUTOS = YES_AGGRESSIVE;
				GCC_WARN_UNUSED_FUNCTION = YES;
				GCC_WARN_UNUSED_VARIABLE = YES;
				IPHONEOS_DEPLOYMENT_TARGET = 8.3;
				MTL_ENABLE_DEBUG_INFO = NO;
				SDKROOT = iphoneos;
				TARGETED_DEVICE_FAMILY = "1,2";
				VALIDATE_PRODUCT = YES;
			};
			name = Release;
		};
		3B6DF5DB1B03A5A0002320B2 /* Debug */ = {
			isa = XCBuildConfiguration;
			baseConfigurationReference = E7A27464613308B65A17F592 /* Pods-SharelogApp.debug.xcconfig */;
			buildSettings = {
				ASSETCATALOG_COMPILER_APPICON_NAME = AppIcon;
				INFOPLIST_FILE = SharelogApp/Info.plist;
				IPHONEOS_DEPLOYMENT_TARGET = 8.0;
				LD_RUNPATH_SEARCH_PATHS = "$(inherited) @executable_path/Frameworks";
				PRODUCT_NAME = "$(TARGET_NAME)";
				TARGETED_DEVICE_FAMILY = 1;
			};
			name = Debug;
		};
		3B6DF5DC1B03A5A0002320B2 /* Release */ = {
			isa = XCBuildConfiguration;
			baseConfigurationReference = C656479EB6D2D39D97FDABDD /* Pods-SharelogApp.release.xcconfig */;
			buildSettings = {
				ASSETCATALOG_COMPILER_APPICON_NAME = AppIcon;
				INFOPLIST_FILE = SharelogApp/Info.plist;
				IPHONEOS_DEPLOYMENT_TARGET = 8.0;
				LD_RUNPATH_SEARCH_PATHS = "$(inherited) @executable_path/Frameworks";
				PRODUCT_NAME = "$(TARGET_NAME)";
				TARGETED_DEVICE_FAMILY = 1;
			};
			name = Release;
		};
		3B6DF5DE1B03A5A0002320B2 /* Debug */ = {
			isa = XCBuildConfiguration;
			buildSettings = {
				BUNDLE_LOADER = "$(TEST_HOST)";
				FRAMEWORK_SEARCH_PATHS = (
					"$(SDKROOT)/Developer/Library/Frameworks",
					"$(inherited)",
				);
				GCC_PREPROCESSOR_DEFINITIONS = (
					"DEBUG=1",
					"$(inherited)",
				);
				INFOPLIST_FILE = SharelogAppTests/Info.plist;
				LD_RUNPATH_SEARCH_PATHS = "$(inherited) @executable_path/Frameworks @loader_path/Frameworks";
				PRODUCT_NAME = "$(TARGET_NAME)";
				TEST_HOST = "$(BUILT_PRODUCTS_DIR)/SharelogApp.app/SharelogApp";
			};
			name = Debug;
		};
		3B6DF5DF1B03A5A0002320B2 /* Release */ = {
			isa = XCBuildConfiguration;
			buildSettings = {
				BUNDLE_LOADER = "$(TEST_HOST)";
				FRAMEWORK_SEARCH_PATHS = (
					"$(SDKROOT)/Developer/Library/Frameworks",
					"$(inherited)",
				);
				INFOPLIST_FILE = SharelogAppTests/Info.plist;
				LD_RUNPATH_SEARCH_PATHS = "$(inherited) @executable_path/Frameworks @loader_path/Frameworks";
				PRODUCT_NAME = "$(TARGET_NAME)";
				TEST_HOST = "$(BUILT_PRODUCTS_DIR)/SharelogApp.app/SharelogApp";
			};
			name = Release;
		};
/* End XCBuildConfiguration section */

/* Begin XCConfigurationList section */
		3B6DF5B21B03A59F002320B2 /* Build configuration list for PBXProject "SharelogApp" */ = {
			isa = XCConfigurationList;
			buildConfigurations = (
				3B6DF5D81B03A5A0002320B2 /* Debug */,
				3B6DF5D91B03A5A0002320B2 /* Release */,
			);
			defaultConfigurationIsVisible = 0;
			defaultConfigurationName = Release;
		};
		3B6DF5DA1B03A5A0002320B2 /* Build configuration list for PBXNativeTarget "SharelogApp" */ = {
			isa = XCConfigurationList;
			buildConfigurations = (
				3B6DF5DB1B03A5A0002320B2 /* Debug */,
				3B6DF5DC1B03A5A0002320B2 /* Release */,
			);
			defaultConfigurationIsVisible = 0;
			defaultConfigurationName = Release;
		};
		3B6DF5DD1B03A5A0002320B2 /* Build configuration list for PBXNativeTarget "SharelogAppTests" */ = {
			isa = XCConfigurationList;
			buildConfigurations = (
				3B6DF5DE1B03A5A0002320B2 /* Debug */,
				3B6DF5DF1B03A5A0002320B2 /* Release */,
			);
			defaultConfigurationIsVisible = 0;
			defaultConfigurationName = Release;
		};
/* End XCConfigurationList section */
	};
	rootObject = 3B6DF5AF1B03A59F002320B2 /* Project object */;
}
